
Microsoft Visual Studio Solution File, Format Version 12.00
# Visual Studio Version 17
VisualStudioVersion = 17.7.34031.279
MinimumVisualStudioVersion = 10.0.40219.1
Project("{9A19103F-16F7-4668-BE54-9A1E7A4F7556}") = "Nickvision.FlatpakGenerator", "Nickvision.FlatpakGenerator\Nickvision.FlatpakGenerator.csproj", "{18AD15B2-655A-43C2-86BD-91544BB4FA58}"
EndProject
Global
	GlobalSection(SolutionConfigurationPlatforms) = preSolution
		Debug|Any CPU = Debug|Any CPU
		Release|Any CPU = Release|Any CPU
	EndGlobalSection
	GlobalSection(ProjectConfigurationPlatforms) = postSolution
		{18AD15B2-655A-43C2-86BD-91544BB4FA58}.Debug|Any CPU.ActiveCfg = Debug|Any CPU
		{18AD15B2-655A-43C2-86BD-91544BB4FA58}.Debug|Any CPU.Build.0 = Debug|Any CPU
		{18AD15B2-655A-43C2-86BD-91544BB4FA58}.Release|Any CPU.ActiveCfg = Release|Any CPU
		{18AD15B2-655A-43C2-86BD-91544BB4FA58}.Release|Any CPU.Build.0 = Release|Any CPU
	EndGlobalSection
	GlobalSection(SolutionProperties) = preSolution
		HideSolutionNode = FALSE
	EndGlobalSection
	GlobalSection(ExtensibilityGlobals) = postSolution
		SolutionGuid = {615BAEEF-8E1A-4E40-995B-CFF0101BA5C0}
	EndGlobalSection
EndGlobal
